
Microsoft Visual Studio Solution File, Format Version 12.00
# Visual Studio Version 17
VisualStudioVersion = 17.14.36429.23 d17.14
MinimumVisualStudioVersion = 10.0.40219.1
Project("{FAE04EC0-301F-11D3-BF4B-00C04F79EFBC}") = "CRUD_Api", "CRUD_Api.csproj", "{334F0188-C5F7-4B51-8DD1-7AC048E803FA}"
EndProject
Global
	GlobalSection(SolutionConfigurationPlatforms) = preSolution
		Debug|Any CPU = Debug|Any CPU
		Release|Any CPU = Release|Any CPU
	EndGlobalSection
	GlobalSection(ProjectConfigurationPlatforms) = postSolution
		{334F0188-C5F7-4B51-8DD1-7AC048E803FA}.Debug|Any CPU.ActiveCfg = Debug|Any CPU
		{334F0188-C5F7-4B51-8DD1-7AC048E803FA}.Debug|Any CPU.Build.0 = Debug|Any CPU
		{334F0188-C5F7-4B51-8DD1-7AC048E803FA}.Release|Any CPU.ActiveCfg = Release|Any CPU
		{334F0188-C5F7-4B51-8DD1-7AC048E803FA}.Release|Any CPU.Build.0 = Release|Any CPU
	EndGlobalSection
	GlobalSection(SolutionProperties) = preSolution
		HideSolutionNode = FALSE
	EndGlobalSection
	GlobalSection(ExtensibilityGlobals) = postSolution
		SolutionGuid = {93EDD697-3200-4299-ABAB-F58340E9FE10}
	EndGlobalSection
EndGlobal
